
Microsoft Visual Studio Solution File, Format Version 12.00
# Visual Studio Version 17
VisualStudioVersion = 17.8.34511.84
MinimumVisualStudioVersion = 10.0.40219.1
Project("{FAE04EC0-301F-11D3-BF4B-00C04F79EFBC}") = "WorkArround", "WorkArround\WorkArround.csproj", "{DD058589-235C-4AD4-BFBA-36445FE1E8CE}"
EndProject
Project("{FAE04EC0-301F-11D3-BF4B-00C04F79EFBC}") = "Entities", "Entities\Entities.csproj", "{AFC84614-6701-4392-8928-031CD7E933F4}"
EndProject
Project("{FAE04EC0-301F-11D3-BF4B-00C04F79EFBC}") = "Business", "Business\Business.csproj", "{7FA122B3-4549-45BF-9238-FC4E9E1DF9F4}"
EndProject
Global
	GlobalSection(SolutionConfigurationPlatforms) = preSolution
		Debug|Any CPU = Debug|Any CPU
		Release|Any CPU = Release|Any CPU
	EndGlobalSection
	GlobalSection(ProjectConfigurationPlatforms) = postSolution
		{DD058589-235C-4AD4-BFBA-36445FE1E8CE}.Debug|Any CPU.ActiveCfg = Debug|Any CPU
		{DD058589-235C-4AD4-BFBA-36445FE1E8CE}.Debug|Any CPU.Build.0 = Debug|Any CPU
		{DD058589-235C-4AD4-BFBA-36445FE1E8CE}.Release|Any CPU.ActiveCfg = Release|Any CPU
		{DD058589-235C-4AD4-BFBA-36445FE1E8CE}.Release|Any CPU.Build.0 = Release|Any CPU
		{AFC84614-6701-4392-8928-031CD7E933F4}.Debug|Any CPU.ActiveCfg = Debug|Any CPU
		{AFC84614-6701-4392-8928-031CD7E933F4}.Debug|Any CPU.Build.0 = Debug|Any CPU
		{AFC84614-6701-4392-8928-031CD7E933F4}.Release|Any CPU.ActiveCfg = Release|Any CPU
		{AFC84614-6701-4392-8928-031CD7E933F4}.Release|Any CPU.Build.0 = Release|Any CPU
		{7FA122B3-4549-45BF-9238-FC4E9E1DF9F4}.Debug|Any CPU.ActiveCfg = Debug|Any CPU
		{7FA122B3-4549-45BF-9238-FC4E9E1DF9F4}.Debug|Any CPU.Build.0 = Debug|Any CPU
		{7FA122B3-4549-45BF-9238-FC4E9E1DF9F4}.Release|Any CPU.ActiveCfg = Release|Any CPU
		{7FA122B3-4549-45BF-9238-FC4E9E1DF9F4}.Release|Any CPU.Build.0 = Release|Any CPU
	EndGlobalSection
	GlobalSection(SolutionProperties) = preSolution
		HideSolutionNode = FALSE
	EndGlobalSection
	GlobalSection(ExtensibilityGlobals) = postSolution
		SolutionGuid = {7959BB14-A6D6-432B-AE4C-D28F0B7EC1EF}
	EndGlobalSection
EndGlobal
